// !$*UTF8*$!
{
	archiveVersion = 1;
	classes = {
	};
	objectVersion = 50;
	objects = {

/* Begin PBXBuildFile section */
		86139EF228A91558007F3F83 /* FollowerListVC.swift in Sources */ = {isa = PBXBuildFile; fileRef = 86139EF128A91558007F3F83 /* FollowerListVC.swift */; };
		86139EF428A92DE1007F3F83 /* GFTitleLabel.swift in Sources */ = {isa = PBXBuildFile; fileRef = 86139EF328A92DE1007F3F83 /* GFTitleLabel.swift */; };
		86139EF628A92FE7007F3F83 /* GFBodyLabel.swift in Sources */ = {isa = PBXBuildFile; fileRef = 86139EF528A92FE7007F3F83 /* GFBodyLabel.swift */; };
		86139EF828A930B4007F3F83 /* GFAlertVC.swift in Sources */ = {isa = PBXBuildFile; fileRef = 86139EF728A930B4007F3F83 /* GFAlertVC.swift */; };
		86139EFA28A937FE007F3F83 /* UIViewController+Ext.swift in Sources */ = {isa = PBXBuildFile; fileRef = 86139EF928A937FE007F3F83 /* UIViewController+Ext.swift */; };
		86139F0128A93D9B007F3F83 /* GFAlertContainerView.swift in Sources */ = {isa = PBXBuildFile; fileRef = 86139F0028A93D9B007F3F83 /* GFAlertContainerView.swift */; };
		8614D35428AAAF5C008D3C42 /* UserInfoVC.swift in Sources */ = {isa = PBXBuildFile; fileRef = 8614D35328AAAF5C008D3C42 /* UserInfoVC.swift */; };
		8673B4A328AAF32C004A4C72 /* GFUserInfoHeaderVC.swift in Sources */ = {isa = PBXBuildFile; fileRef = 8673B4A228AAF32C004A4C72 /* GFUserInfoHeaderVC.swift */; };
		8673B4A528AAF3B3004A4C72 /* GFSecondaryTitleLabel.swift in Sources */ = {isa = PBXBuildFile; fileRef = 8673B4A428AAF3B3004A4C72 /* GFSecondaryTitleLabel.swift */; };
		8673B4A728AAFBC7004A4C72 /* Constants.swift in Sources */ = {isa = PBXBuildFile; fileRef = 8673B4A628AAFBC7004A4C72 /* Constants.swift */; };
		8693AA6028A9464D00C9764D /* Follower.swift in Sources */ = {isa = PBXBuildFile; fileRef = 8693AA5F28A9464D00C9764D /* Follower.swift */; };
		8693AA6228A9470F00C9764D /* User.swift in Sources */ = {isa = PBXBuildFile; fileRef = 8693AA6128A9470F00C9764D /* User.swift */; };
		86B190EF28A8856200DB1F67 /* SearchVC.swift in Sources */ = {isa = PBXBuildFile; fileRef = 86B190EE28A8856200DB1F67 /* SearchVC.swift */; };
		86B190F128A8859B00DB1F67 /* FavoritesListVC.swift in Sources */ = {isa = PBXBuildFile; fileRef = 86B190F028A8859B00DB1F67 /* FavoritesListVC.swift */; };
		86B190F328A889B500DB1F67 /* GFButton.swift in Sources */ = {isa = PBXBuildFile; fileRef = 86B190F228A889B500DB1F67 /* GFButton.swift */; };
		86B190F528A88CC800DB1F67 /* GFTextField.swift in Sources */ = {isa = PBXBuildFile; fileRef = 86B190F428A88CC800DB1F67 /* GFTextField.swift */; };
		86E6798E28AA658600319EBD /* GFEmptyStateView.swift in Sources */ = {isa = PBXBuildFile; fileRef = 86E6798D28AA658600319EBD /* GFEmptyStateView.swift */; };
		86EA649528A93EFA00249CC2 /* String+Ext.swift in Sources */ = {isa = PBXBuildFile; fileRef = 86EA649428A93EFA00249CC2 /* String+Ext.swift */; };
		86EED94A28A96B0C00FA32F0 /* NetworkManager.swift in Sources */ = {isa = PBXBuildFile; fileRef = 86EED94928A96B0C00FA32F0 /* NetworkManager.swift */; };
		86EED94B28A9877A00FA32F0 /* English.strings in Resources */ = {isa = PBXBuildFile; fileRef = 86EED94D28A9877A00FA32F0 /* English.strings */; };
		86EED95028A98A2A00FA32F0 /* GFError.swift in Sources */ = {isa = PBXBuildFile; fileRef = 86EED94F28A98A2A00FA32F0 /* GFError.swift */; };
		86EED95728A9AC5500FA32F0 /* FollowerCell.swift in Sources */ = {isa = PBXBuildFile; fileRef = 86EED95628A9AC5500FA32F0 /* FollowerCell.swift */; };
		86EED95928A9AD0F00FA32F0 /* GFAvatarImageView.swift in Sources */ = {isa = PBXBuildFile; fileRef = 86EED95828A9AD0F00FA32F0 /* GFAvatarImageView.swift */; };
		86EED95C28A9B72600FA32F0 /* UIHelper.swift in Sources */ = {isa = PBXBuildFile; fileRef = 86EED95B28A9B72600FA32F0 /* UIHelper.swift */; };
		EDDFE24223B6C71E00C026C3 /* AppDelegate.swift in Sources */ = {isa = PBXBuildFile; fileRef = EDDFE24123B6C71E00C026C3 /* AppDelegate.swift */; };
		EDDFE24423B6C71E00C026C3 /* SceneDelegate.swift in Sources */ = {isa = PBXBuildFile; fileRef = EDDFE24323B6C71E00C026C3 /* SceneDelegate.swift */; };
		EDDFE24B23B6C71E00C026C3 /* Assets.xcassets in Resources */ = {isa = PBXBuildFile; fileRef = EDDFE24A23B6C71E00C026C3 /* Assets.xcassets */; };
		EDDFE24E23B6C71E00C026C3 /* LaunchScreen.storyboard in Resources */ = {isa = PBXBuildFile; fileRef = EDDFE24C23B6C71E00C026C3 /* LaunchScreen.storyboard */; };
/* End PBXBuildFile section */

/* Begin PBXFileReference section */
		86139EF128A91558007F3F83 /* FollowerListVC.swift */ = {isa = PBXFileReference; lastKnownFileType = sourcecode.swift; path = FollowerListVC.swift; sourceTree = "<group>"; };
		86139EF328A92DE1007F3F83 /* GFTitleLabel.swift */ = {isa = PBXFileReference; lastKnownFileType = sourcecode.swift; path = GFTitleLabel.swift; sourceTree = "<group>"; };
		86139EF528A92FE7007F3F83 /* GFBodyLabel.swift */ = {isa = PBXFileReference; lastKnownFileType = sourcecode.swift; path = GFBodyLabel.swift; sourceTree = "<group>"; };
		86139EF728A930B4007F3F83 /* GFAlertVC.swift */ = {isa = PBXFileReference; lastKnownFileType = sourcecode.swift; path = GFAlertVC.swift; sourceTree = "<group>"; };
		86139EF928A937FE007F3F83 /* UIViewController+Ext.swift */ = {isa = PBXFileReference; lastKnownFileType = sourcecode.swift; path = "UIViewController+Ext.swift"; sourceTree = "<group>"; };
		86139F0028A93D9B007F3F83 /* GFAlertContainerView.swift */ = {isa = PBXFileReference; lastKnownFileType = sourcecode.swift; path = GFAlertContainerView.swift; sourceTree = "<group>"; };
		8614D35328AAAF5C008D3C42 /* UserInfoVC.swift */ = {isa = PBXFileReference; lastKnownFileType = sourcecode.swift; path = UserInfoVC.swift; sourceTree = "<group>"; };
		8673B4A228AAF32C004A4C72 /* GFUserInfoHeaderVC.swift */ = {isa = PBXFileReference; lastKnownFileType = sourcecode.swift; path = GFUserInfoHeaderVC.swift; sourceTree = "<group>"; };
		8673B4A428AAF3B3004A4C72 /* GFSecondaryTitleLabel.swift */ = {isa = PBXFileReference; lastKnownFileType = sourcecode.swift; path = GFSecondaryTitleLabel.swift; sourceTree = "<group>"; };
		8673B4A628AAFBC7004A4C72 /* Constants.swift */ = {isa = PBXFileReference; lastKnownFileType = sourcecode.swift; path = Constants.swift; sourceTree = "<group>"; };
		8693AA5F28A9464D00C9764D /* Follower.swift */ = {isa = PBXFileReference; lastKnownFileType = sourcecode.swift; path = Follower.swift; sourceTree = "<group>"; };
		8693AA6128A9470F00C9764D /* User.swift */ = {isa = PBXFileReference; lastKnownFileType = sourcecode.swift; path = User.swift; sourceTree = "<group>"; };
		86B190EE28A8856200DB1F67 /* SearchVC.swift */ = {isa = PBXFileReference; lastKnownFileType = sourcecode.swift; path = SearchVC.swift; sourceTree = "<group>"; };
		86B190F028A8859B00DB1F67 /* FavoritesListVC.swift */ = {isa = PBXFileReference; lastKnownFileType = sourcecode.swift; path = FavoritesListVC.swift; sourceTree = "<group>"; };
		86B190F228A889B500DB1F67 /* GFButton.swift */ = {isa = PBXFileReference; lastKnownFileType = sourcecode.swift; path = GFButton.swift; sourceTree = "<group>"; };
		86B190F428A88CC800DB1F67 /* GFTextField.swift */ = {isa = PBXFileReference; lastKnownFileType = sourcecode.swift; path = GFTextField.swift; sourceTree = "<group>"; };
		86E6798D28AA658600319EBD /* GFEmptyStateView.swift */ = {isa = PBXFileReference; lastKnownFileType = sourcecode.swift; path = GFEmptyStateView.swift; sourceTree = "<group>"; };
		86EA649428A93EFA00249CC2 /* String+Ext.swift */ = {isa = PBXFileReference; fileEncoding = 4; lastKnownFileType = sourcecode.swift; path = "String+Ext.swift"; sourceTree = "<group>"; };
		86EED94928A96B0C00FA32F0 /* NetworkManager.swift */ = {isa = PBXFileReference; lastKnownFileType = sourcecode.swift; path = NetworkManager.swift; sourceTree = "<group>"; };
		86EED94C28A9877A00FA32F0 /* en */ = {isa = PBXFileReference; lastKnownFileType = text.plist.strings; name = en; path = en.lproj/English.strings; sourceTree = "<group>"; };
		86EED94F28A98A2A00FA32F0 /* GFError.swift */ = {isa = PBXFileReference; lastKnownFileType = sourcecode.swift; path = GFError.swift; sourceTree = "<group>"; };
		86EED95628A9AC5500FA32F0 /* FollowerCell.swift */ = {isa = PBXFileReference; lastKnownFileType = sourcecode.swift; path = FollowerCell.swift; sourceTree = "<group>"; };
		86EED95828A9AD0F00FA32F0 /* GFAvatarImageView.swift */ = {isa = PBXFileReference; lastKnownFileType = sourcecode.swift; path = GFAvatarImageView.swift; sourceTree = "<group>"; };
		86EED95B28A9B72600FA32F0 /* UIHelper.swift */ = {isa = PBXFileReference; lastKnownFileType = sourcecode.swift; path = UIHelper.swift; sourceTree = "<group>"; };
		EDDFE23E23B6C71E00C026C3 /* GHFollowers.app */ = {isa = PBXFileReference; explicitFileType = wrapper.application; includeInIndex = 0; path = GHFollowers.app; sourceTree = BUILT_PRODUCTS_DIR; };
		EDDFE24123B6C71E00C026C3 /* AppDelegate.swift */ = {isa = PBXFileReference; lastKnownFileType = sourcecode.swift; path = AppDelegate.swift; sourceTree = "<group>"; };
		EDDFE24323B6C71E00C026C3 /* SceneDelegate.swift */ = {isa = PBXFileReference; lastKnownFileType = sourcecode.swift; path = SceneDelegate.swift; sourceTree = "<group>"; };
		EDDFE24A23B6C71E00C026C3 /* Assets.xcassets */ = {isa = PBXFileReference; lastKnownFileType = folder.assetcatalog; path = Assets.xcassets; sourceTree = "<group>"; };
		EDDFE24D23B6C71E00C026C3 /* Base */ = {isa = PBXFileReference; lastKnownFileType = file.storyboard; name = Base; path = Base.lproj/LaunchScreen.storyboard; sourceTree = "<group>"; };
		EDDFE24F23B6C71E00C026C3 /* Info.plist */ = {isa = PBXFileReference; lastKnownFileType = text.plist.xml; path = Info.plist; sourceTree = "<group>"; };
/* End PBXFileReference section */

/* Begin PBXFrameworksBuildPhase section */
		EDDFE23B23B6C71E00C026C3 /* Frameworks */ = {
			isa = PBXFrameworksBuildPhase;
			buildActionMask = 2147483647;
			files = (
			);
			runOnlyForDeploymentPostprocessing = 0;
		};
/* End PBXFrameworksBuildPhase section */

/* Begin PBXGroup section */
		86139EFB28A93AB6007F3F83 /* Screens */ = {
			isa = PBXGroup;
			children = (
				86B190EE28A8856200DB1F67 /* SearchVC.swift */,
				86B190F028A8859B00DB1F67 /* FavoritesListVC.swift */,
				86139EF128A91558007F3F83 /* FollowerListVC.swift */,
				8614D35328AAAF5C008D3C42 /* UserInfoVC.swift */,
			);
			path = Screens;
			sourceTree = "<group>";
		};
		86139EFC28A93AEE007F3F83 /* Custom Views */ = {
			isa = PBXGroup;
			children = (
				86E6798C28AA655500319EBD /* Alerts */,
				86EED95128A9AB4600FA32F0 /* Buttons */,
				86EED95528A9AB6400FA32F0 /* Cells */,
				86EED95228A9AB4D00FA32F0 /* TextFields */,
				86EED95328A9AB5500FA32F0 /* Labels */,
				86EED95428A9AB5C00FA32F0 /* Views */,
				86EED95A28A9AD1700FA32F0 /* Images */,
			);
			path = "Custom Views";
			sourceTree = "<group>";
		};
		86139EFD28A93B20007F3F83 /* Extensions */ = {
			isa = PBXGroup;
			children = (
				86139EF928A937FE007F3F83 /* UIViewController+Ext.swift */,
				86EA649428A93EFA00249CC2 /* String+Ext.swift */,
			);
			path = Extensions;
			sourceTree = "<group>";
		};
		86139EFE28A93B6A007F3F83 /* Localization */ = {
			isa = PBXGroup;
			children = (
				86EED94D28A9877A00FA32F0 /* English.strings */,
			);
			path = Localization;
			sourceTree = "<group>";
		};
		86139EFF28A93B86007F3F83 /* Support */ = {
			isa = PBXGroup;
			children = (
				EDDFE24123B6C71E00C026C3 /* AppDelegate.swift */,
				EDDFE24323B6C71E00C026C3 /* SceneDelegate.swift */,
				EDDFE24A23B6C71E00C026C3 /* Assets.xcassets */,
				EDDFE24C23B6C71E00C026C3 /* LaunchScreen.storyboard */,
			);
			path = Support;
			sourceTree = "<group>";
		};
		8693AA5E28A9451600C9764D /* Models */ = {
			isa = PBXGroup;
			children = (
				8693AA5F28A9464D00C9764D /* Follower.swift */,
				8693AA6128A9470F00C9764D /* User.swift */,
				86EED94928A96B0C00FA32F0 /* NetworkManager.swift */,
			);
			path = Models;
			sourceTree = "<group>";
		};
		86E6798C28AA655500319EBD /* Alerts */ = {
			isa = PBXGroup;
			children = (
				86139EF728A930B4007F3F83 /* GFAlertVC.swift */,
			);
			path = Alerts;
			sourceTree = "<group>";
		};
		86EED94E28A98A1600FA32F0 /* Utilities */ = {
			isa = PBXGroup;
			children = (
				86EED94F28A98A2A00FA32F0 /* GFError.swift */,
				86EED95B28A9B72600FA32F0 /* UIHelper.swift */,
				8673B4A628AAFBC7004A4C72 /* Constants.swift */,
			);
			path = Utilities;
			sourceTree = "<group>";
		};
		86EED95128A9AB4600FA32F0 /* Buttons */ = {
			isa = PBXGroup;
			children = (
				86B190F228A889B500DB1F67 /* GFButton.swift */,
			);
			path = Buttons;
			sourceTree = "<group>";
		};
		86EED95228A9AB4D00FA32F0 /* TextFields */ = {
			isa = PBXGroup;
			children = (
				86B190F428A88CC800DB1F67 /* GFTextField.swift */,
			);
			path = TextFields;
			sourceTree = "<group>";
		};
		86EED95328A9AB5500FA32F0 /* Labels */ = {
			isa = PBXGroup;
			children = (
				86139EF328A92DE1007F3F83 /* GFTitleLabel.swift */,
				86139EF528A92FE7007F3F83 /* GFBodyLabel.swift */,
				8673B4A428AAF3B3004A4C72 /* GFSecondaryTitleLabel.swift */,
			);
			path = Labels;
			sourceTree = "<group>";
		};
		86EED95428A9AB5C00FA32F0 /* Views */ = {
			isa = PBXGroup;
			children = (
				86139F0028A93D9B007F3F83 /* GFAlertContainerView.swift */,
				86E6798D28AA658600319EBD /* GFEmptyStateView.swift */,
				8673B4A228AAF32C004A4C72 /* GFUserInfoHeaderVC.swift */,
			);
			path = Views;
			sourceTree = "<group>";
		};
		86EED95528A9AB6400FA32F0 /* Cells */ = {
			isa = PBXGroup;
			children = (
				86EED95628A9AC5500FA32F0 /* FollowerCell.swift */,
			);
			path = Cells;
			sourceTree = "<group>";
		};
		86EED95A28A9AD1700FA32F0 /* Images */ = {
			isa = PBXGroup;
			children = (
				86EED95828A9AD0F00FA32F0 /* GFAvatarImageView.swift */,
			);
			path = Images;
			sourceTree = "<group>";
		};
		EDDFE23523B6C71E00C026C3 = {
			isa = PBXGroup;
			children = (
				EDDFE24023B6C71E00C026C3 /* GHFollowers */,
				EDDFE23F23B6C71E00C026C3 /* Products */,
			);
			sourceTree = "<group>";
		};
		EDDFE23F23B6C71E00C026C3 /* Products */ = {
			isa = PBXGroup;
			children = (
				EDDFE23E23B6C71E00C026C3 /* GHFollowers.app */,
			);
			name = Products;
			sourceTree = "<group>";
		};
		EDDFE24023B6C71E00C026C3 /* GHFollowers */ = {
			isa = PBXGroup;
			children = (
				EDDFE24F23B6C71E00C026C3 /* Info.plist */,
				86139EFC28A93AEE007F3F83 /* Custom Views */,
				86139EFD28A93B20007F3F83 /* Extensions */,
				86139EFE28A93B6A007F3F83 /* Localization */,
				8693AA5E28A9451600C9764D /* Models */,
				86139EFB28A93AB6007F3F83 /* Screens */,
				86139EFF28A93B86007F3F83 /* Support */,
				86EED94E28A98A1600FA32F0 /* Utilities */,
			);
			path = GHFollowers;
			sourceTree = "<group>";
		};
/* End PBXGroup section */

/* Begin PBXNativeTarget section */
		EDDFE23D23B6C71E00C026C3 /* GHFollowers */ = {
			isa = PBXNativeTarget;
			buildConfigurationList = EDDFE25223B6C71E00C026C3 /* Build configuration list for PBXNativeTarget "GHFollowers" */;
			buildPhases = (
				EDDFE23A23B6C71E00C026C3 /* Sources */,
				EDDFE23B23B6C71E00C026C3 /* Frameworks */,
				EDDFE23C23B6C71E00C026C3 /* Resources */,
			);
			buildRules = (
			);
			dependencies = (
			);
			name = GHFollowers;
			productName = GHFollowers;
			productReference = EDDFE23E23B6C71E00C026C3 /* GHFollowers.app */;
			productType = "com.apple.product-type.application";
		};
/* End PBXNativeTarget section */

/* Begin PBXProject section */
		EDDFE23623B6C71E00C026C3 /* Project object */ = {
			isa = PBXProject;
			attributes = {
				LastSwiftUpdateCheck = 1130;
				LastUpgradeCheck = 1400;
				ORGANIZATIONNAME = "Sean Allen";
				TargetAttributes = {
					EDDFE23D23B6C71E00C026C3 = {
						CreatedOnToolsVersion = 11.3;
					};
				};
			};
			buildConfigurationList = EDDFE23923B6C71E00C026C3 /* Build configuration list for PBXProject "GHFollowers" */;
			compatibilityVersion = "Xcode 9.3";
			developmentRegion = en;
			hasScannedForEncodings = 0;
			knownRegions = (
				en,
				Base,
			);
			mainGroup = EDDFE23523B6C71E00C026C3;
			productRefGroup = EDDFE23F23B6C71E00C026C3 /* Products */;
			projectDirPath = "";
			projectRoot = "";
			targets = (
				EDDFE23D23B6C71E00C026C3 /* GHFollowers */,
			);
		};
/* End PBXProject section */

/* Begin PBXResourcesBuildPhase section */
		EDDFE23C23B6C71E00C026C3 /* Resources */ = {
			isa = PBXResourcesBuildPhase;
			buildActionMask = 2147483647;
			files = (
				EDDFE24E23B6C71E00C026C3 /* LaunchScreen.storyboard in Resources */,
				EDDFE24B23B6C71E00C026C3 /* Assets.xcassets in Resources */,
				86EED94B28A9877A00FA32F0 /* English.strings in Resources */,
			);
			runOnlyForDeploymentPostprocessing = 0;
		};
/* End PBXResourcesBuildPhase section */

/* Begin PBXSourcesBuildPhase section */
		EDDFE23A23B6C71E00C026C3 /* Sources */ = {
			isa = PBXSourcesBuildPhase;
			buildActionMask = 2147483647;
			files = (
				8673B4A728AAFBC7004A4C72 /* Constants.swift in Sources */,
				86139F0128A93D9B007F3F83 /* GFAlertContainerView.swift in Sources */,
				8693AA6028A9464D00C9764D /* Follower.swift in Sources */,
				86EED95928A9AD0F00FA32F0 /* GFAvatarImageView.swift in Sources */,
				86B190EF28A8856200DB1F67 /* SearchVC.swift in Sources */,
				86B190F328A889B500DB1F67 /* GFButton.swift in Sources */,
				86EED94A28A96B0C00FA32F0 /* NetworkManager.swift in Sources */,
				86EA649528A93EFA00249CC2 /* String+Ext.swift in Sources */,
				86B190F128A8859B00DB1F67 /* FavoritesListVC.swift in Sources */,
				86139EFA28A937FE007F3F83 /* UIViewController+Ext.swift in Sources */,
				EDDFE24223B6C71E00C026C3 /* AppDelegate.swift in Sources */,
				8693AA6228A9470F00C9764D /* User.swift in Sources */,
				86EED95C28A9B72600FA32F0 /* UIHelper.swift in Sources */,
				86139EF828A930B4007F3F83 /* GFAlertVC.swift in Sources */,
				8673B4A528AAF3B3004A4C72 /* GFSecondaryTitleLabel.swift in Sources */,
				86EED95728A9AC5500FA32F0 /* FollowerCell.swift in Sources */,
				86139EF628A92FE7007F3F83 /* GFBodyLabel.swift in Sources */,
				8673B4A328AAF32C004A4C72 /* GFUserInfoHeaderVC.swift in Sources */,
				86E6798E28AA658600319EBD /* GFEmptyStateView.swift in Sources */,
				86139EF428A92DE1007F3F83 /* GFTitleLabel.swift in Sources */,
				86EED95028A98A2A00FA32F0 /* GFError.swift in Sources */,
				86139EF228A91558007F3F83 /* FollowerListVC.swift in Sources */,
				EDDFE24423B6C71E00C026C3 /* SceneDelegate.swift in Sources */,
				86B190F528A88CC800DB1F67 /* GFTextField.swift in Sources */,
				8614D35428AAAF5C008D3C42 /* UserInfoVC.swift in Sources */,
			);
			runOnlyForDeploymentPostprocessing = 0;
		};
/* End PBXSourcesBuildPhase section */

/* Begin PBXVariantGroup section */
		86EED94D28A9877A00FA32F0 /* English.strings */ = {
			isa = PBXVariantGroup;
			children = (
				86EED94C28A9877A00FA32F0 /* en */,
			);
			name = English.strings;
			sourceTree = "<group>";
		};
		EDDFE24C23B6C71E00C026C3 /* LaunchScreen.storyboard */ = {
			isa = PBXVariantGroup;
			children = (
				EDDFE24D23B6C71E00C026C3 /* Base */,
			);
			name = LaunchScreen.storyboard;
			sourceTree = "<group>";
		};
/* End PBXVariantGroup section */

/* Begin XCBuildConfiguration section */
		EDDFE25023B6C71E00C026C3 /* Debug */ = {
			isa = XCBuildConfiguration;
			buildSettings = {
				ALWAYS_SEARCH_USER_PATHS = NO;
				CLANG_ANALYZER_NONNULL = YES;
				CLANG_ANALYZER_NUMBER_OBJECT_CONVERSION = YES_AGGRESSIVE;
				CLANG_CXX_LANGUAGE_STANDARD = "gnu++14";
				CLANG_CXX_LIBRARY = "libc++";
				CLANG_ENABLE_MODULES = YES;
				CLANG_ENABLE_OBJC_ARC = YES;
				CLANG_ENABLE_OBJC_WEAK = YES;
				CLANG_WARN_BLOCK_CAPTURE_AUTORELEASING = YES;
				CLANG_WARN_BOOL_CONVERSION = YES;
				CLANG_WARN_COMMA = YES;
				CLANG_WARN_CONSTANT_CONVERSION = YES;
				CLANG_WARN_DEPRECATED_OBJC_IMPLEMENTATIONS = YES;
				CLANG_WARN_DIRECT_OBJC_ISA_USAGE = YES_ERROR;
				CLANG_WARN_DOCUMENTATION_COMMENTS = YES;
				CLANG_WARN_EMPTY_BODY = YES;
				CLANG_WARN_ENUM_CONVERSION = YES;
				CLANG_WARN_INFINITE_RECURSION = YES;
				CLANG_WARN_INT_CONVERSION = YES;
				CLANG_WARN_NON_LITERAL_NULL_CONVERSION = YES;
				CLANG_WARN_OBJC_IMPLICIT_RETAIN_SELF = YES;
				CLANG_WARN_OBJC_LITERAL_CONVERSION = YES;
				CLANG_WARN_OBJC_ROOT_CLASS = YES_ERROR;
				CLANG_WARN_QUOTED_INCLUDE_IN_FRAMEWORK_HEADER = YES;
				CLANG_WARN_RANGE_LOOP_ANALYSIS = YES;
				CLANG_WARN_STRICT_PROTOTYPES = YES;
				CLANG_WARN_SUSPICIOUS_MOVE = YES;
				CLANG_WARN_UNGUARDED_AVAILABILITY = YES_AGGRESSIVE;
				CLANG_WARN_UNREACHABLE_CODE = YES;
				CLANG_WARN__DUPLICATE_METHOD_MATCH = YES;
				COPY_PHASE_STRIP = NO;
				DEBUG_INFORMATION_FORMAT = dwarf;
				ENABLE_STRICT_OBJC_MSGSEND = YES;
				ENABLE_TESTABILITY = YES;
				GCC_C_LANGUAGE_STANDARD = gnu11;
				GCC_DYNAMIC_NO_PIC = NO;
				GCC_NO_COMMON_BLOCKS = YES;
				GCC_OPTIMIZATION_LEVEL = 0;
				GCC_PREPROCESSOR_DEFINITIONS = (
					"DEBUG=1",
					"$(inherited)",
				);
				GCC_WARN_64_TO_32_BIT_CONVERSION = YES;
				GCC_WARN_ABOUT_RETURN_TYPE = YES_ERROR;
				GCC_WARN_UNDECLARED_SELECTOR = YES;
				GCC_WARN_UNINITIALIZED_AUTOS = YES_AGGRESSIVE;
				GCC_WARN_UNUSED_FUNCTION = YES;
				GCC_WARN_UNUSED_VARIABLE = YES;
				IPHONEOS_DEPLOYMENT_TARGET = 16.0;
				MTL_ENABLE_DEBUG_INFO = INCLUDE_SOURCE;
				MTL_FAST_MATH = YES;
				ONLY_ACTIVE_ARCH = YES;
				SDKROOT = iphoneos;
				SWIFT_ACTIVE_COMPILATION_CONDITIONS = DEBUG;
				SWIFT_OPTIMIZATION_LEVEL = "-Onone";
			};
			name = Debug;
		};
		EDDFE25123B6C71E00C026C3 /* Release */ = {
			isa = XCBuildConfiguration;
			buildSettings = {
				ALWAYS_SEARCH_USER_PATHS = NO;
				CLANG_ANALYZER_NONNULL = YES;
				CLANG_ANALYZER_NUMBER_OBJECT_CONVERSION = YES_AGGRESSIVE;
				CLANG_CXX_LANGUAGE_STANDARD = "gnu++14";
				CLANG_CXX_LIBRARY = "libc++";
				CLANG_ENABLE_MODULES = YES;
				CLANG_ENABLE_OBJC_ARC = YES;
				CLANG_ENABLE_OBJC_WEAK = YES;
				CLANG_WARN_BLOCK_CAPTURE_AUTORELEASING = YES;
				CLANG_WARN_BOOL_CONVERSION = YES;
				CLANG_WARN_COMMA = YES;
				CLANG_WARN_CONSTANT_CONVERSION = YES;
				CLANG_WARN_DEPRECATED_OBJC_IMPLEMENTATIONS = YES;
				CLANG_WARN_DIRECT_OBJC_ISA_USAGE = YES_ERROR;
				CLANG_WARN_DOCUMENTATION_COMMENTS = YES;
				CLANG_WARN_EMPTY_BODY = YES;
				CLANG_WARN_ENUM_CONVERSION = YES;
				CLANG_WARN_INFINITE_RECURSION = YES;
				CLANG_WARN_INT_CONVERSION = YES;
				CLANG_WARN_NON_LITERAL_NULL_CONVERSION = YES;
				CLANG_WARN_OBJC_IMPLICIT_RETAIN_SELF = YES;
				CLANG_WARN_OBJC_LITERAL_CONVERSION = YES;
				CLANG_WARN_OBJC_ROOT_CLASS = YES_ERROR;
				CLANG_WARN_QUOTED_INCLUDE_IN_FRAMEWORK_HEADER = YES;
				CLANG_WARN_RANGE_LOOP_ANALYSIS = YES;
				CLANG_WARN_STRICT_PROTOTYPES = YES;
				CLANG_WARN_SUSPICIOUS_MOVE = YES;
				CLANG_WARN_UNGUARDED_AVAILABILITY = YES_AGGRESSIVE;
				CLANG_WARN_UNREACHABLE_CODE = YES;
				CLANG_WARN__DUPLICATE_METHOD_MATCH = YES;
				COPY_PHASE_STRIP = NO;
				DEBUG_INFORMATION_FORMAT = "dwarf-with-dsym";
				ENABLE_NS_ASSERTIONS = NO;
				ENABLE_STRICT_OBJC_MSGSEND = YES;
				GCC_C_LANGUAGE_STANDARD = gnu11;
				GCC_NO_COMMON_BLOCKS = YES;
				GCC_WARN_64_TO_32_BIT_CONVERSION = YES;
				GCC_WARN_ABOUT_RETURN_TYPE = YES_ERROR;
				GCC_WARN_UNDECLARED_SELECTOR = YES;
				GCC_WARN_UNINITIALIZED_AUTOS = YES_AGGRESSIVE;
				GCC_WARN_UNUSED_FUNCTION = YES;
				GCC_WARN_UNUSED_VARIABLE = YES;
				IPHONEOS_DEPLOYMENT_TARGET = 16.0;
				MTL_ENABLE_DEBUG_INFO = NO;
				MTL_FAST_MATH = YES;
				SDKROOT = iphoneos;
				SWIFT_COMPILATION_MODE = wholemodule;
				SWIFT_OPTIMIZATION_LEVEL = "-O";
				VALIDATE_PRODUCT = YES;
			};
			name = Release;
		};
		EDDFE25323B6C71E00C026C3 /* Debug */ = {
			isa = XCBuildConfiguration;
			buildSettings = {
				ASSETCATALOG_COMPILER_APPICON_NAME = AppIcon;
				CODE_SIGN_STYLE = Automatic;
				DEVELOPMENT_TEAM = D27X6VQP35;
				INFOPLIST_FILE = GHFollowers/Info.plist;
				IPHONEOS_DEPLOYMENT_TARGET = 16.0;
				LD_RUNPATH_SEARCH_PATHS = (
					"$(inherited)",
					"@executable_path/Frameworks",
				);
				PRODUCT_BUNDLE_IDENTIFIER = co.jdocampom.GHFollowers;
				PRODUCT_NAME = "$(TARGET_NAME)";
				SWIFT_VERSION = 5.0;
				TARGETED_DEVICE_FAMILY = 1;
			};
			name = Debug;
		};
		EDDFE25423B6C71E00C026C3 /* Release */ = {
			isa = XCBuildConfiguration;
			buildSettings = {
				ASSETCATALOG_COMPILER_APPICON_NAME = AppIcon;
				CODE_SIGN_STYLE = Automatic;
				DEVELOPMENT_TEAM = H69U55MWXW;
				INFOPLIST_FILE = GHFollowers/Info.plist;
				IPHONEOS_DEPLOYMENT_TARGET = 16.0;
				LD_RUNPATH_SEARCH_PATHS = (
					"$(inherited)",
					"@executable_path/Frameworks",
				);
				PRODUCT_BUNDLE_IDENTIFIER = co.seanallen.GHFollowers;
				PRODUCT_NAME = "$(TARGET_NAME)";
				SWIFT_VERSION = 5.0;
				TARGETED_DEVICE_FAMILY = 1;
			};
			name = Release;
		};
/* End XCBuildConfiguration section */

/* Begin XCConfigurationList section */
		EDDFE23923B6C71E00C026C3 /* Build configuration list for PBXProject "GHFollowers" */ = {
			isa = XCConfigurationList;
			buildConfigurations = (
				EDDFE25023B6C71E00C026C3 /* Debug */,
				EDDFE25123B6C71E00C026C3 /* Release */,
			);
			defaultConfigurationIsVisible = 0;
			defaultConfigurationName = Release;
		};
		EDDFE25223B6C71E00C026C3 /* Build configuration list for PBXNativeTarget "GHFollowers" */ = {
			isa = XCConfigurationList;
			buildConfigurations = (
				EDDFE25323B6C71E00C026C3 /* Debug */,
				EDDFE25423B6C71E00C026C3 /* Release */,
			);
			defaultConfigurationIsVisible = 0;
			defaultConfigurationName = Release;
		};
/* End XCConfigurationList section */
	};
	rootObject = EDDFE23623B6C71E00C026C3 /* Project object */;
}
